// !$*UTF8*$!
{
	archiveVersion = 1;
	classes = {
	};
	objectVersion = 46;
	objects = {

/* Begin PBXBuildFile section */
		DFC238261A96464E0066FBCF /* main.m in Sources */ = {isa = PBXBuildFile; fileRef = DFC238251A96464E0066FBCF /* main.m */; };
		DFC238291A96464E0066FBCF /* AppDelegate.m in Sources */ = {isa = PBXBuildFile; fileRef = DFC238281A96464E0066FBCF /* AppDelegate.m */; };
		DFC2382C1A96464E0066FBCF /* FirstViewController.m in Sources */ = {isa = PBXBuildFile; fileRef = DFC2382B1A96464E0066FBCF /* FirstViewController.m */; };
		DFC2382F1A96464E0066FBCF /* SecondViewController.m in Sources */ = {isa = PBXBuildFile; fileRef = DFC2382E1A96464E0066FBCF /* SecondViewController.m */; };
		DFC238321A96464E0066FBCF /* Main.storyboard in Resources */ = {isa = PBXBuildFile; fileRef = DFC238301A96464E0066FBCF /* Main.storyboard */; };
		DFC238341A96464E0066FBCF /* Images.xcassets in Resources */ = {isa = PBXBuildFile; fileRef = DFC238331A96464E0066FBCF /* Images.xcassets */; };
		DFC238371A96464E0066FBCF /* LaunchScreen.xib in Resources */ = {isa = PBXBuildFile; fileRef = DFC238351A96464E0066FBCF /* LaunchScreen.xib */; };
		DFC238431A96464E0066FBCF /* Peak_360_CrossfitTests.m in Sources */ = {isa = PBXBuildFile; fileRef = DFC238421A96464E0066FBCF /* Peak_360_CrossfitTests.m */; };
/* End PBXBuildFile section */

/* Begin PBXContainerItemProxy section */
		DFC2383D1A96464E0066FBCF /* PBXContainerItemProxy */ = {
			isa = PBXContainerItemProxy;
			containerPortal = DFC238181A96464E0066FBCF /* Project object */;
			proxyType = 1;
			remoteGlobalIDString = DFC2381F1A96464E0066FBCF;
			remoteInfo = "Peak 360 Crossfit";
		};
/* End PBXContainerItemProxy section */

/* Begin PBXFileReference section */
		DFC238201A96464E0066FBCF /* Peak 360 Crossfit.app */ = {isa = PBXFileReference; explicitFileType = wrapper.application; includeInIndex = 0; path = "Peak 360 Crossfit.app"; sourceTree = BUILT_PRODUCTS_DIR; };
		DFC238241A96464E0066FBCF /* Info.plist */ = {isa = PBXFileReference; lastKnownFileType = text.plist.xml; path = Info.plist; sourceTree = "<group>"; };
		DFC238251A96464E0066FBCF /* main.m */ = {isa = PBXFileReference; lastKnownFileType = sourcecode.c.objc; path = main.m; sourceTree = "<group>"; };
		DFC238271A96464E0066FBCF /* AppDelegate.h */ = {isa = PBXFileReference; lastKnownFileType = sourcecode.c.h; path = AppDelegate.h; sourceTree = "<group>"; };
		DFC238281A96464E0066FBCF /* AppDelegate.m */ = {isa = PBXFileReference; lastKnownFileType = sourcecode.c.objc; path = AppDelegate.m; sourceTree = "<group>"; };
		DFC2382A1A96464E0066FBCF /* FirstViewController.h */ = {isa = PBXFileReference; lastKnownFileType = sourcecode.c.h; path = FirstViewController.h; sourceTree = "<group>"; };
		DFC2382B1A96464E0066FBCF /* FirstViewController.m */ = {isa = PBXFileReference; lastKnownFileType = sourcecode.c.objc; path = FirstViewController.m; sourceTree = "<group>"; };
		DFC2382D1A96464E0066FBCF /* SecondViewController.h */ = {isa = PBXFileReference; lastKnownFileType = sourcecode.c.h; path = SecondViewController.h; sourceTree = "<group>"; };
		DFC2382E1A96464E0066FBCF /* SecondViewController.m */ = {isa = PBXFileReference; lastKnownFileType = sourcecode.c.objc; path = SecondViewController.m; sourceTree = "<group>"; };
		DFC238311A96464E0066FBCF /* Base */ = {isa = PBXFileReference; lastKnownFileType = file.storyboard; name = Base; path = Base.lproj/Main.storyboard; sourceTree = "<group>"; };
		DFC238331A96464E0066FBCF /* Images.xcassets */ = {isa = PBXFileReference; lastKnownFileType = folder.assetcatalog; path = Images.xcassets; sourceTree = "<group>"; };
		DFC238361A96464E0066FBCF /* Base */ = {isa = PBXFileReference; lastKnownFileType = file.xib; name = Base; path = Base.lproj/LaunchScreen.xib; sourceTree = "<group>"; };
		DFC2383C1A96464E0066FBCF /* Peak 360 CrossfitTests.xctest */ = {isa = PBXFileReference; explicitFileType = wrapper.cfbundle; includeInIndex = 0; path = "Peak 360 CrossfitTests.xctest"; sourceTree = BUILT_PRODUCTS_DIR; };
		DFC238411A96464E0066FBCF /* Info.plist */ = {isa = PBXFileReference; lastKnownFileType = text.plist.xml; path = Info.plist; sourceTree = "<group>"; };
		DFC238421A96464E0066FBCF /* Peak_360_CrossfitTests.m */ = {isa = PBXFileReference; lastKnownFileType = sourcecode.c.objc; path = Peak_360_CrossfitTests.m; sourceTree = "<group>"; };
/* End PBXFileReference section */

/* Begin PBXFrameworksBuildPhase section */
		DFC2381D1A96464E0066FBCF /* Frameworks */ = {
			isa = PBXFrameworksBuildPhase;
			buildActionMask = 2147483647;
			files = (
			);
			runOnlyForDeploymentPostprocessing = 0;
		};
		DFC238391A96464E0066FBCF /* Frameworks */ = {
			isa = PBXFrameworksBuildPhase;
			buildActionMask = 2147483647;
			files = (
			);
			runOnlyForDeploymentPostprocessing = 0;
		};
/* End PBXFrameworksBuildPhase section */

/* Begin PBXGroup section */
		DFC238171A96464E0066FBCF = {
			isa = PBXGroup;
			children = (
				DFC238221A96464E0066FBCF /* Peak 360 Crossfit */,
				DFC2383F1A96464E0066FBCF /* Peak 360 CrossfitTests */,
				DFC238211A96464E0066FBCF /* Products */,
			);
			sourceTree = "<group>";
		};
		DFC238211A96464E0066FBCF /* Products */ = {
			isa = PBXGroup;
			children = (
				DFC238201A96464E0066FBCF /* Peak 360 Crossfit.app */,
				DFC2383C1A96464E0066FBCF /* Peak 360 CrossfitTests.xctest */,
			);
			name = Products;
			sourceTree = "<group>";
		};
		DFC238221A96464E0066FBCF /* Peak 360 Crossfit */ = {
			isa = PBXGroup;
			children = (
				DFC238271A96464E0066FBCF /* AppDelegate.h */,
				DFC238281A96464E0066FBCF /* AppDelegate.m */,
				DFC2382A1A96464E0066FBCF /* FirstViewController.h */,
				DFC2382B1A96464E0066FBCF /* FirstViewController.m */,
				DFC2382D1A96464E0066FBCF /* SecondViewController.h */,
				DFC2382E1A96464E0066FBCF /* SecondViewController.m */,
				DFC238301A96464E0066FBCF /* Main.storyboard */,
				DFC238331A96464E0066FBCF /* Images.xcassets */,
				DFC238351A96464E0066FBCF /* LaunchScreen.xib */,
				DFC238231A96464E0066FBCF /* Supporting Files */,
			);
			path = "Peak 360 Crossfit";
			sourceTree = "<group>";
		};
		DFC238231A96464E0066FBCF /* Supporting Files */ = {
			isa = PBXGroup;
			children = (
				DFC238241A96464E0066FBCF /* Info.plist */,
				DFC238251A96464E0066FBCF /* main.m */,
			);
			name = "Supporting Files";
			sourceTree = "<group>";
		};
		DFC2383F1A96464E0066FBCF /* Peak 360 CrossfitTests */ = {
			isa = PBXGroup;
			children = (
				DFC238421A96464E0066FBCF /* Peak_360_CrossfitTests.m */,
				DFC238401A96464E0066FBCF /* Supporting Files */,
			);
			path = "Peak 360 CrossfitTests";
			sourceTree = "<group>";
		};
		DFC238401A96464E0066FBCF /* Supporting Files */ = {
			isa = PBXGroup;
			children = (
				DFC238411A96464E0066FBCF /* Info.plist */,
			);
			name = "Supporting Files";
			sourceTree = "<group>";
		};
/* End PBXGroup section */

/* Begin PBXNativeTarget section */
		DFC2381F1A96464E0066FBCF /* Peak 360 Crossfit */ = {
			isa = PBXNativeTarget;
			buildConfigurationList = DFC238461A96464E0066FBCF /* Build configuration list for PBXNativeTarget "Peak 360 Crossfit" */;
			buildPhases = (
				DFC2381C1A96464E0066FBCF /* Sources */,
				DFC2381D1A96464E0066FBCF /* Frameworks */,
				DFC2381E1A96464E0066FBCF /* Resources */,
			);
			buildRules = (
			);
			dependencies = (
			);
			name = "Peak 360 Crossfit";
			productName = "Peak 360 Crossfit";
			productReference = DFC238201A96464E0066FBCF /* Peak 360 Crossfit.app */;
			productType = "com.apple.product-type.application";
		};
		DFC2383B1A96464E0066FBCF /* Peak 360 CrossfitTests */ = {
			isa = PBXNativeTarget;
			buildConfigurationList = DFC238491A96464E0066FBCF /* Build configuration list for PBXNativeTarget "Peak 360 CrossfitTests" */;
			buildPhases = (
				DFC238381A96464E0066FBCF /* Sources */,
				DFC238391A96464E0066FBCF /* Frameworks */,
				DFC2383A1A96464E0066FBCF /* Resources */,
			);
			buildRules = (
			);
			dependencies = (
				DFC2383E1A96464E0066FBCF /* PBXTargetDependency */,
			);
			name = "Peak 360 CrossfitTests";
			productName = "Peak 360 CrossfitTests";
			productReference = DFC2383C1A96464E0066FBCF /* Peak 360 CrossfitTests.xctest */;
			productType = "com.apple.product-type.bundle.unit-test";
		};
/* End PBXNativeTarget section */

/* Begin PBXProject section */
		DFC238181A96464E0066FBCF /* Project object */ = {
			isa = PBXProject;
			attributes = {
				LastUpgradeCheck = 0610;
				ORGANIZATIONNAME = "Kelsey Kjeldsen";
				TargetAttributes = {
					DFC2381F1A96464E0066FBCF = {
						CreatedOnToolsVersion = 6.1.1;
						DevelopmentTeam = 66LXH2SEBD;
					};
					DFC2383B1A96464E0066FBCF = {
						CreatedOnToolsVersion = 6.1.1;
						TestTargetID = DFC2381F1A96464E0066FBCF;
					};
				};
			};
			buildConfigurationList = DFC2381B1A96464E0066FBCF /* Build configuration list for PBXProject "Peak 360 Crossfit" */;
			compatibilityVersion = "Xcode 3.2";
			developmentRegion = English;
			hasScannedForEncodings = 0;
			knownRegions = (
				en,
				Base,
			);
			mainGroup = DFC238171A96464E0066FBCF;
			productRefGroup = DFC238211A96464E0066FBCF /* Products */;
			projectDirPath = "";
			projectRoot = "";
			targets = (
				DFC2381F1A96464E0066FBCF /* Peak 360 Crossfit */,
				DFC2383B1A96464E0066FBCF /* Peak 360 CrossfitTests */,
			);
		};
/* End PBXProject section */

/* Begin PBXResourcesBuildPhase section */
		DFC2381E1A96464E0066FBCF /* Resources */ = {
			isa = PBXResourcesBuildPhase;
			buildActionMask = 2147483647;
			files = (
				DFC238321A96464E0066FBCF /* Main.storyboard in Resources */,
				DFC238371A96464E0066FBCF /* LaunchScreen.xib in Resources */,
				DFC238341A96464E0066FBCF /* Images.xcassets in Resources */,
			);
			runOnlyForDeploymentPostprocessing = 0;
		};
		DFC2383A1A96464E0066FBCF /* Resources */ = {
			isa = PBXResourcesBuildPhase;
			buildActionMask = 2147483647;
			files = (
			);
			runOnlyForDeploymentPostprocessing = 0;
		};
/* End PBXResourcesBuildPhase section */

/* Begin PBXSourcesBuildPhase section */
		DFC2381C1A96464E0066FBCF /* Sources */ = {
			isa = PBXSourcesBuildPhase;
			buildActionMask = 2147483647;
			files = (
				DFC2382F1A96464E0066FBCF /* SecondViewController.m in Sources */,
				DFC238291A96464E0066FBCF /* AppDelegate.m in Sources */,
				DFC2382C1A96464E0066FBCF /* FirstViewController.m in Sources */,
				DFC238261A96464E0066FBCF /* main.m in Sources */,
			);
			runOnlyForDeploymentPostprocessing = 0;
		};
		DFC238381A96464E0066FBCF /* Sources */ = {
			isa = PBXSourcesBuildPhase;
			buildActionMask = 2147483647;
			files = (
				DFC238431A96464E0066FBCF /* Peak_360_CrossfitTests.m in Sources */,
			);
			runOnlyForDeploymentPostprocessing = 0;
		};
/* End PBXSourcesBuildPhase section */

/* Begin PBXTargetDependency section */
		DFC2383E1A96464E0066FBCF /* PBXTargetDependency */ = {
			isa = PBXTargetDependency;
			target = DFC2381F1A96464E0066FBCF /* Peak 360 Crossfit */;
			targetProxy = DFC2383D1A96464E0066FBCF /* PBXContainerItemProxy */;
		};
/* End PBXTargetDependency section */

/* Begin PBXVariantGroup section */
		DFC238301A96464E0066FBCF /* Main.storyboard */ = {
			isa = PBXVariantGroup;
			children = (
				DFC238311A96464E0066FBCF /* Base */,
			);
			name = Main.storyboard;
			sourceTree = "<group>";
		};
		DFC238351A96464E0066FBCF /* LaunchScreen.xib */ = {
			isa = PBXVariantGroup;
			children = (
				DFC238361A96464E0066FBCF /* Base */,
			);
			name = LaunchScreen.xib;
			sourceTree = "<group>";
		};
/* End PBXVariantGroup section */

/* Begin XCBuildConfiguration section */
		DFC238441A96464E0066FBCF /* Debug */ = {
			isa = XCBuildConfiguration;
			buildSettings = {
				ALWAYS_SEARCH_USER_PATHS = NO;
				CLANG_CXX_LANGUAGE_STANDARD = "gnu++0x";
				CLANG_CXX_LIBRARY = "libc++";
				CLANG_ENABLE_MODULES = YES;
				CLANG_ENABLE_OBJC_ARC = YES;
				CLANG_WARN_BOOL_CONVERSION = YES;
				CLANG_WARN_CONSTANT_CONVERSION = YES;
				CLANG_WARN_DIRECT_OBJC_ISA_USAGE = YES_ERROR;
				CLANG_WARN_EMPTY_BODY = YES;
				CLANG_WARN_ENUM_CONVERSION = YES;
				CLANG_WARN_INT_CONVERSION = YES;
				CLANG_WARN_OBJC_ROOT_CLASS = YES_ERROR;
				CLANG_WARN_UNREACHABLE_CODE = YES;
				CLANG_WARN__DUPLICATE_METHOD_MATCH = YES;
				"CODE_SIGN_IDENTITY[sdk=iphoneos*]" = "iPhone Developer";
				COPY_PHASE_STRIP = NO;
				ENABLE_STRICT_OBJC_MSGSEND = YES;
				GCC_C_LANGUAGE_STANDARD = gnu99;
				GCC_DYNAMIC_NO_PIC = NO;
				GCC_OPTIMIZATION_LEVEL = 0;
				GCC_PREPROCESSOR_DEFINITIONS = (
					"DEBUG=1",
					"$(inherited)",
				);
				GCC_SYMBOLS_PRIVATE_EXTERN = NO;
				GCC_WARN_64_TO_32_BIT_CONVERSION = YES;
				GCC_WARN_ABOUT_RETURN_TYPE = YES_ERROR;
				GCC_WARN_UNDECLARED_SELECTOR = YES;
				GCC_WARN_UNINITIALIZED_AUTOS = YES_AGGRESSIVE;
				GCC_WARN_UNUSED_FUNCTION = YES;
				GCC_WARN_UNUSED_VARIABLE = YES;
				IPHONEOS_DEPLOYMENT_TARGET = 8.1;
				MTL_ENABLE_DEBUG_INFO = YES;
				ONLY_ACTIVE_ARCH = YES;
				SDKROOT = iphoneos;
				TARGETED_DEVICE_FAMILY = "1,2";
			};
			name = Debug;
		};
		DFC238451A96464E0066FBCF /* Release */ = {
			isa = XCBuildConfiguration;
			buildSettings = {
				ALWAYS_SEARCH_USER_PATHS = NO;
				CLANG_CXX_LANGUAGE_STANDARD = "gnu++0x";
				CLANG_CXX_LIBRARY = "libc++";
				CLANG_ENABLE_MODULES = YES;
				CLANG_ENABLE_OBJC_ARC = YES;
				CLANG_WARN_BOOL_CONVERSION = YES;
				CLANG_WARN_CONSTANT_CONVERSION = YES;
				CLANG_WARN_DIRECT_OBJC_ISA_USAGE = YES_ERROR;
				CLANG_WARN_EMPTY_BODY = YES;
				CLANG_WARN_ENUM_CONVERSION = YES;
				CLANG_WARN_INT_CONVERSION = YES;
				CLANG_WARN_OBJC_ROOT_CLASS = YES_ERROR;
				CLANG_WARN_UNREACHABLE_CODE = YES;
				CLANG_WARN__DUPLICATE_METHOD_MATCH = YES;
				"CODE_SIGN_IDENTITY[sdk=iphoneos*]" = "iPhone Developer";
				COPY_PHASE_STRIP = YES;
				ENABLE_NS_ASSERTIONS = NO;
				ENABLE_STRICT_OBJC_MSGSEND = YES;
				GCC_C_LANGUAGE_STANDARD = gnu99;
				GCC_WARN_64_TO_32_BIT_CONVERSION = YES;
				GCC_WARN_ABOUT_RETURN_TYPE = YES_ERROR;
				GCC_WARN_UNDECLARED_SELECTOR = YES;
				GCC_WARN_UNINITIALIZED_AUTOS = YES_AGGRESSIVE;
				GCC_WARN_UNUSED_FUNCTION = YES;
				GCC_WARN_UNUSED_VARIABLE = YES;
				IPHONEOS_DEPLOYMENT_TARGET = 8.1;
				MTL_ENABLE_DEBUG_INFO = NO;
				SDKROOT = iphoneos;
				TARGETED_DEVICE_FAMILY = "1,2";
				VALIDATE_PRODUCT = YES;
			};
			name = Release;
		};
		DFC238471A96464E0066FBCF /* Debug */ = {
			isa = XCBuildConfiguration;
			buildSettings = {
				ASSETCATALOG_COMPILER_APPICON_NAME = AppIcon;
				CODE_SIGN_IDENTITY = "iPhone Developer";
				INFOPLIST_FILE = "Peak 360 Crossfit/Info.plist";
				LD_RUNPATH_SEARCH_PATHS = "$(inherited) @executable_path/Frameworks";
				PRODUCT_NAME = "$(TARGET_NAME)";
			};
			name = Debug;
		};
		DFC238481A96464E0066FBCF /* Release */ = {
			isa = XCBuildConfiguration;
			buildSettings = {
				ASSETCATALOG_COMPILER_APPICON_NAME = AppIcon;
				CODE_SIGN_IDENTITY = "iPhone Developer";
				INFOPLIST_FILE = "Peak 360 Crossfit/Info.plist";
				LD_RUNPATH_SEARCH_PATHS = "$(inherited) @executable_path/Frameworks";
				PRODUCT_NAME = "$(TARGET_NAME)";
			};
			name = Release;
		};
		DFC2384A1A96464E0066FBCF /* Debug */ = {
			isa = XCBuildConfiguration;
			buildSettings = {
				BUNDLE_LOADER = "$(TEST_HOST)";
				FRAMEWORK_SEARCH_PATHS = (
					"$(SDKROOT)/Developer/Library/Frameworks",
					"$(inherited)",
				);
				GCC_PREPROCESSOR_DEFINITIONS = (
					"DEBUG=1",
					"$(inherited)",
				);
				INFOPLIST_FILE = "Peak 360 CrossfitTests/Info.plist";
				LD_RUNPATH_SEARCH_PATHS = "$(inherited) @executable_path/Frameworks @loader_path/Frameworks";
				PRODUCT_NAME = "$(TARGET_NAME)";
				TEST_HOST = "$(BUILT_PRODUCTS_DIR)/Peak 360 Crossfit.app/Peak 360 Crossfit";
			};
			name = Debug;
		};
		DFC2384B1A96464E0066FBCF /* Release */ = {
			isa = XCBuildConfiguration;
			buildSettings = {
				BUNDLE_LOADER = "$(TEST_HOST)";
				FRAMEWORK_SEARCH_PATHS = (
					"$(SDKROOT)/Developer/Library/Frameworks",
					"$(inherited)",
				);
				INFOPLIST_FILE = "Peak 360 CrossfitTests/Info.plist";
				LD_RUNPATH_SEARCH_PATHS = "$(inherited) @executable_path/Frameworks @loader_path/Frameworks";
				PRODUCT_NAME = "$(TARGET_NAME)";
				TEST_HOST = "$(BUILT_PRODUCTS_DIR)/Peak 360 Crossfit.app/Peak 360 Crossfit";
			};
			name = Release;
		};
/* End XCBuildConfiguration section */

/* Begin XCConfigurationList section */
		DFC2381B1A96464E0066FBCF /* Build configuration list for PBXProject "Peak 360 Crossfit" */ = {
			isa = XCConfigurationList;
			buildConfigurations = (
				DFC238441A96464E0066FBCF /* Debug */,
				DFC238451A96464E0066FBCF /* Release */,
			);
			defaultConfigurationIsVisible = 0;
			defaultConfigurationName = Release;
		};
		DFC238461A96464E0066FBCF /* Build configuration list for PBXNativeTarget "Peak 360 Crossfit" */ = {
			isa = XCConfigurationList;
			buildConfigurations = (
				DFC238471A96464E0066FBCF /* Debug */,
				DFC238481A96464E0066FBCF /* Release */,
			);
			defaultConfigurationIsVisible = 0;
		};
		DFC238491A96464E0066FBCF /* Build configuration list for PBXNativeTarget "Peak 360 CrossfitTests" */ = {
			isa = XCConfigurationList;
			buildConfigurations = (
				DFC2384A1A96464E0066FBCF /* Debug */,
				DFC2384B1A96464E0066FBCF /* Release */,
			);
			defaultConfigurationIsVisible = 0;
		};
/* End XCConfigurationList section */
	};
	rootObject = DFC238181A96464E0066FBCF /* Project object */;
}
